# THIS IS AN AUTOGENERATED FILE. DO NOT EDIT THIS FILE DIRECTLY.
# yarn lockfile v1


"@klave/as-json@0.9.21":
  version "0.9.21"
  resolved "https://registry.yarnpkg.com/@klave/as-json/-/as-json-0.9.21.tgz#cbcb8dab1e972a9ed235729b2e7e4c5c003e2b95"
  integrity sha512-bdI6ixZF2u2YaYFCzl+iUJVMbQde9XNtlzl5TiHDPxA+LRNHPstqNtpkhZDg/2/igjmCoRAr/uKnJXMEysGuOA==
  dependencies:
    as-virtual "^0.2.0"

"@klave/compiler@1.0.6":
  version "1.0.6"
  resolved "https://registry.yarnpkg.com/@klave/compiler/-/compiler-1.0.6.tgz#77d4c63526e1e5faa7791e4f9027547b5e3d7ef8"
  integrity sha512-1OtaVneF5FrahRjOjsI2A/Kegpz8RwtM4SMSt2BCuZY/5JY56uVyAQw2ZT2w3ZBTijBDXUqlz3Y8A4s5gQSOVA==
  dependencies:
    "@klave/as-json" "0.9.21"
    assemblyscript "0.28.2"
    serialize-error "12.0.0"
    typescript "^5.8.3"
    uuid "^11.1.0"

"@klave/sdk@0.17.1":
  version "0.17.1"
  resolved "https://registry.yarnpkg.com/@klave/sdk/-/sdk-0.17.1.tgz#7f18d8ecb5bc5c82a32f898c0a2bbafcd89c580e"
  integrity sha512-/HSeiu3t/XVlJ6rrm8sYKTA7gPGWhCsGC0UDyFPweoPwx8FmCVdqDUoJMtronb3lT8Vwk+mJXKgwpQe8r9wWqw==
  dependencies:
    "@klave/as-json" "0.9.21"
    "@klave/compiler" "1.0.6"
    as-base64 "0.2.0"
    chalk "^4.1.2"
    fs-extra "^11.3.0"
    path-complete-extname "1.0.0"
    zod "^3.25.64"

ansi-styles@^4.1.0:
  version "4.3.0"
  resolved "https://registry.yarnpkg.com/ansi-styles/-/ansi-styles-4.3.0.tgz#edd803628ae71c04c85ae7a0906edad34b648937"
  integrity sha512-zbB9rCJAT1rbjiVDb2hqKFHNYLxgtk8NURxZ3IZwD3F6NtxbXZQCnnSi1Lkx+IDohdPlFp222wVALIheZJQSEg==
  dependencies:
    color-convert "^2.0.1"

as-base64@0.2.0:
  version "0.2.0"
  resolved "https://registry.yarnpkg.com/as-base64/-/as-base64-0.2.0.tgz#b4bed937c93bfb6524b932b517e1b8571a0dd518"
  integrity sha512-j6JxprAVN4SXUcZiSChuMBf0JJOCdh5OfrHAepluxmFWuDZZm+YjmfNSk8djUHRPEB+Ui5HGvrz46GLvTJf3ig==

as-virtual@^0.2.0:
  version "0.2.0"
  resolved "https://registry.yarnpkg.com/as-virtual/-/as-virtual-0.2.0.tgz#f498e22ba5291a61f7ce40cfd940e68c3dc587ab"
  integrity sha512-zI+8VwD6BPUtXrxs4R7v2N+59OAIBRwiiv9nGIMwcQ/w/lspyaualMqM7yok3jMRglKqLkfOx+dCJimeflEJcA==

assemblyscript@0.28.2:
  version "0.28.2"
  resolved "https://registry.yarnpkg.com/assemblyscript/-/assemblyscript-0.28.2.tgz#0789280a1bda52834dc550e03d4b38e42d84b71b"
  integrity sha512-0j6kQdfKqRgmkY9zIzpFVcsLW8lMZ61pIZmmXJNiJeN2rvaHCCBSzHOoFNBh2jlvQNijY2/uxuufnSQma8HmFQ==
  dependencies:
    binaryen "123.0.0-nightly.20250530"
    long "^5.2.4"

assemblyscript@^0.27.31:
  version "0.27.37"
  resolved "https://registry.yarnpkg.com/assemblyscript/-/assemblyscript-0.27.37.tgz#ed0a98778f077357a280cf7437931c949fb042ff"
  integrity sha512-YtY5k3PiV3SyUQ6gRlR2OCn8dcVRwkpiG/k2T5buoL2ymH/Z/YbaYWbk/f9mO2HTgEtGWjPiAQrIuvA7G/63Gg==
  dependencies:
    binaryen "116.0.0-nightly.20240114"
    long "^5.2.4"

binaryen@116.0.0-nightly.20240114:
  version "116.0.0-nightly.20240114"
  resolved "https://registry.yarnpkg.com/binaryen/-/binaryen-116.0.0-nightly.20240114.tgz#ad8bfbde77d4cb4715b93997114eefc30f45155b"
  integrity sha512-0GZrojJnuhoe+hiwji7QFaL3tBlJoA+KFUN7ouYSDGZLSo9CKM8swQX8n/UcbR0d1VuZKU+nhogNzv423JEu5A==

binaryen@123.0.0-nightly.20250530:
  version "123.0.0-nightly.20250530"
  resolved "https://registry.yarnpkg.com/binaryen/-/binaryen-123.0.0-nightly.20250530.tgz#f78aceafedb01df779a42a0ea7fa04043d45c19d"
  integrity sha512-d1zPHBN5YlOd3Ff+OUxvVExuFeh8heSnqe+X3bjItFxGLvn4VGBKmrvv7pgy/cRhrIUGuPW138iaWfDhwjyDqg==

chalk@^4.1.2:
  version "4.1.2"
  resolved "https://registry.yarnpkg.com/chalk/-/chalk-4.1.2.tgz#aac4e2b7734a740867aeb16bf02aad556a1e7a01"
  integrity sha512-oKnbhFyRIXpUuez8iBMmyEa4nbj4IOQyuhc/wy9kY7/WVPcwIO9VA668Pu8RkO7+0G76SLROeyw9CpQ061i4mA==
  dependencies:
    ansi-styles "^4.1.0"
    supports-color "^7.1.0"

color-convert@^2.0.1:
  version "2.0.1"
  resolved "https://registry.yarnpkg.com/color-convert/-/color-convert-2.0.1.tgz#72d3a68d598c9bdb3af2ad1e84f21d896abd4de3"
  integrity sha512-RRECPsj7iu/xb5oKYcsFHSppFNnsj/52OVTRKb4zP5onXwVF3zVmmToNcOfGC+CRDpfK/U584fMg38ZHCaElKQ==
  dependencies:
    color-name "~1.1.4"

color-name@~1.1.4:
  version "1.1.4"
  resolved "https://registry.yarnpkg.com/color-name/-/color-name-1.1.4.tgz#c2a09a87acbde69543de6f63fa3995c826c536a2"
  integrity sha512-dOy+3AuW3a2wNbZHIuMZpTcgjGuLU/uBL/ubcZF9OXbDo8ff4O8yVp5Bf0efS8uEoYo5q4Fx7dY9OgQGXgAsQA==

fs-extra@^11.3.0:
  version "11.3.0"
  resolved "https://registry.yarnpkg.com/fs-extra/-/fs-extra-11.3.0.tgz#0daced136bbaf65a555a326719af931adc7a314d"
  integrity sha512-Z4XaCL6dUDHfP/jT25jJKMmtxvuwbkrD1vNSMFlo9lNLY2c5FHYSQgHPRZUjAB26TpDEoW9HCOgplrdbaPV/ew==
  dependencies:
    graceful-fs "^4.2.0"
    jsonfile "^6.0.1"
    universalify "^2.0.0"

graceful-fs@^4.1.6, graceful-fs@^4.2.0:
  version "4.2.11"
  resolved "https://registry.yarnpkg.com/graceful-fs/-/graceful-fs-4.2.11.tgz#4183e4e8bf08bb6e05bbb2f7d2e0c8f712ca40e3"
  integrity sha512-RbJ5/jmFcNNCcDV5o9eTnBLJ/HszWV0P73bc+Ff4nS/rJj+YaS6IGyiOL0VoBYX+l1Wrl3k63h/KrH+nhJ0XvQ==

has-flag@^4.0.0:
  version "4.0.0"
  resolved "https://registry.yarnpkg.com/has-flag/-/has-flag-4.0.0.tgz#944771fd9c81c81265c4d6941860da06bb59479b"
  integrity sha512-EykJT/Q1KjTWctppgIAgfSO0tKVuZUjhgMr17kqTumMl6Afv3EISleU7qZUzoXDFTAHTDC4NOoG/ZxU3EvlMPQ==

jsonfile@^6.0.1:
  version "6.1.0"
  resolved "https://registry.yarnpkg.com/jsonfile/-/jsonfile-6.1.0.tgz#bc55b2634793c679ec6403094eb13698a6ec0aae"
  integrity sha512-5dgndWOriYSm5cnYaJNhalLNDKOqFwyDB/rr1E9ZsGciGvKPs8R2xYGCacuf3z6K1YKDz182fd+fY3cn3pMqXQ==
  dependencies:
    universalify "^2.0.0"
  optionalDependencies:
    graceful-fs "^4.1.6"

lodash.clonedeep@^4.5.0:
  version "4.5.0"
  resolved "https://registry.yarnpkg.com/lodash.clonedeep/-/lodash.clonedeep-4.5.0.tgz#e23f3f9c4f8fbdde872529c1071857a086e5ccef"
  integrity sha512-H5ZhCF25riFd9uB5UCkVKo61m3S/xZk1x4wA6yp/L3RFP6Z/eHH1ymQcGLo7J3GMPfm0V/7m1tryHuGVxpqEBQ==

long@^5.2.4:
  version "5.3.2"
  resolved "https://registry.yarnpkg.com/long/-/long-5.3.2.tgz#1d84463095999262d7d7b7f8bfd4a8cc55167f83"
  integrity sha512-mNAgZ1GmyNhD7AuqnTG3/VQ26o760+ZYBPKjPvugO8+nLbYfX6TVpJPseBvopbdY+qpZ/lKUnmEc1LeZYS3QAA==

path-complete-extname@1.0.0:
  version "1.0.0"
  resolved "https://registry.yarnpkg.com/path-complete-extname/-/path-complete-extname-1.0.0.tgz#f889985dc91000c815515c0bfed06c5acda0752b"
  integrity sha512-CVjiWcMRdGU8ubs08YQVzhutOR5DEfO97ipRIlOGMK5Bek5nQySknBpuxVAVJ36hseTNs+vdIcv57ZrWxH7zvg==

serialize-error@12.0.0:
  version "12.0.0"
  resolved "https://registry.yarnpkg.com/serialize-error/-/serialize-error-12.0.0.tgz#aed3d5abff192c855707513929bf8bf48d712194"
  integrity sha512-ZYkZLAvKTKQXWuh5XpBw7CdbSzagarX39WyZ2H07CDLC5/KfsRGlIXV8d4+tfqX1M7916mRqR1QfNHSij+c9Pw==
  dependencies:
    type-fest "^4.31.0"

supports-color@^7.1.0:
  version "7.2.0"
  resolved "https://registry.yarnpkg.com/supports-color/-/supports-color-7.2.0.tgz#1b7dcdcb32b8138801b3e478ba6a51caa89648da"
  integrity sha512-qpCAvRl9stuOHveKsn7HncJRvv501qIacKzQlO/+Lwxc9+0q2wLyv4Dfvt80/DPn2pqOBsJdDiogXGR9+OvwRw==
  dependencies:
    has-flag "^4.0.0"

ts-mixer@^6.0.2:
  version "6.0.4"
  resolved "https://registry.yarnpkg.com/ts-mixer/-/ts-mixer-6.0.4.tgz#1da39ceabc09d947a82140d9f09db0f84919ca28"
  integrity sha512-ufKpbmrugz5Aou4wcr5Wc1UUFWOLhq+Fm6qa6P0w0K5Qw2yhaUoiWszhCVuNQyNwrlGiscHOmqYoAox1PtvgjA==

tslib@^2.8.1:
  version "2.8.1"
  resolved "https://registry.yarnpkg.com/tslib/-/tslib-2.8.1.tgz#612efe4ed235d567e8aba5f2a5fab70280ade83f"
  integrity sha512-oJFu94HQb+KVduSUQL7wnpmqnfmLsOA/nAh6b6EH0wCEoK0/mPeXU6c3wKDV83MkOuHPRHtSXKKU99IBazS/2w==

type-fest@^4.31.0:
  version "4.41.0"
  resolved "https://registry.yarnpkg.com/type-fest/-/type-fest-4.41.0.tgz#6ae1c8e5731273c2bf1f58ad39cbae2c91a46c58"
  integrity sha512-TeTSQ6H5YHvpqVwBRcnLDCBnDOHWYu7IvGbHT6N8AOymcr9PJGjc1GTtiWZTYg0NCgYwvnYWEkVChQAr9bjfwA==

typescript@^5.8.3:
  version "5.8.3"
  resolved "https://registry.yarnpkg.com/typescript/-/typescript-5.8.3.tgz#92f8a3e5e3cf497356f4178c34cd65a7f5e8440e"
  integrity sha512-p1diW6TqL9L07nNxvRMM7hMMw4c5XOo/1ibL4aAIGmSAt9slTE1Xgw5KWuof2uTOvCg9BY7ZRi+GaF+7sfgPeQ==

universalify@^2.0.0:
  version "2.0.1"
  resolved "https://registry.yarnpkg.com/universalify/-/universalify-2.0.1.tgz#168efc2180964e6386d061e094df61afe239b18d"
  integrity sha512-gptHNQghINnc/vTGIk0SOFGFNXw7JVrlRUtConJRlvaw6DuX0wO5Jeko9sWrMBhh+PsYAZ7oXAiOnf/UKogyiw==

uuid@^11.1.0:
  version "11.1.0"
  resolved "https://registry.yarnpkg.com/uuid/-/uuid-11.1.0.tgz#9549028be1753bb934fc96e2bca09bb4105ae912"
  integrity sha512-0/A9rDy9P7cJ+8w1c9WD9V//9Wj15Ce2MPz8Ri6032usz+NfePxx5AcN3bN+r6ZL6jEo066/yNYB3tn4pQEx+A==

visitor-as@^0.11.4:
  version "0.11.4"
  resolved "https://registry.yarnpkg.com/visitor-as/-/visitor-as-0.11.4.tgz#7b2d7b7ac8be86d4741796aa0630af5e471a4744"
  integrity sha512-uih7AooY2V3LhzobjLqyEQzhYYBGeq0y/rZk295foM1Ko498f24NNXBDyM1SgzcLMFCAT/fpmSRco1BpTIdKNQ==
  dependencies:
    lodash.clonedeep "^4.5.0"
    ts-mixer "^6.0.2"

zod@^3.23.8, zod@^3.25.64:
  version "3.25.67"
  resolved "https://registry.yarnpkg.com/zod/-/zod-3.25.67.tgz#62987e4078e2ab0f63b491ef0c4f33df24236da8"
  integrity sha512-idA2YXwpCdqUSKRCACDE6ItZD9TZzy3OZMtpfLoh6oPR47lipysRrJfjzMqFxQ3uJuUPyUeWe1r9vLH33xO/Qw==
